// !$*UTF8*$!
{
	archiveVersion = 1;
	classes = {
	};
	objectVersion = 50;
	objects = {

/* Begin PBXBuildFile section */
		3706B15A211B972A00D41622 /* LICENSE in Resources */ = {isa = PBXBuildFile; fileRef = 3706B159211B972A00D41622 /* LICENSE */; };
		3706B15C211BA07F00D41622 /* KeyedDecodingContainer+DrawsanaExtensions.swift in Sources */ = {isa = PBXBuildFile; fileRef = 3706B15B211BA07F00D41622 /* KeyedDecodingContainer+DrawsanaExtensions.swift */; };
		3706B15E211CF29500D41622 /* DrawingToolForShapeWithTwoPoints.swift in Sources */ = {isa = PBXBuildFile; fileRef = 3706B15D211CF29500D41622 /* DrawingToolForShapeWithTwoPoints.swift */; };
		371BE7D02123643100861596 /* ImmediatePanGestureRecognizer.swift in Sources */ = {isa = PBXBuildFile; fileRef = 371BE7CF2123643100861596 /* ImmediatePanGestureRecognizer.swift */; };
		372093CF21345862001A906E /* ColorPickerViewController.swift in Sources */ = {isa = PBXBuildFile; fileRef = 372093CE21345862001A906E /* ColorPickerViewController.swift */; };
		372093D121345DB7001A906E /* ToolPickerViewController.swift in Sources */ = {isa = PBXBuildFile; fileRef = 372093D021345DB7001A906E /* ToolPickerViewController.swift */; };
		37362D5C21151684003E5ACA /* TextShape.swift in Sources */ = {isa = PBXBuildFile; fileRef = 37362D5B21151684003E5ACA /* TextShape.swift */; };
		37362D5E2118D8A3003E5ACA /* ToolSettings.swift in Sources */ = {isa = PBXBuildFile; fileRef = 37362D5D2118D8A3003E5ACA /* ToolSettings.swift */; };
		37362D602118E46F003E5ACA /* DrawingOperationStack.swift in Sources */ = {isa = PBXBuildFile; fileRef = 37362D5F2118E46F003E5ACA /* DrawingOperationStack.swift */; };
		37362D622118EE98003E5ACA /* DrawingOperations.swift in Sources */ = {isa = PBXBuildFile; fileRef = 37362D612118EE98003E5ACA /* DrawingOperations.swift */; };
		37362D682119025F003E5ACA /* .jazzy.yaml in Resources */ = {isa = PBXBuildFile; fileRef = 37362D672119025F003E5ACA /* .jazzy.yaml */; };
		37362D6A211A01A1003E5ACA /* UIColor+DrawsanaExtensions.swift in Sources */ = {isa = PBXBuildFile; fileRef = 37362D69211A01A1003E5ACA /* UIColor+DrawsanaExtensions.swift */; };
		37362D6C211B6930003E5ACA /* CGRect+DrawsanaExtensions.swift in Sources */ = {isa = PBXBuildFile; fileRef = 37362D6B211B6930003E5ACA /* CGRect+DrawsanaExtensions.swift */; };
		37362D6F211B7314003E5ACA /* DragHandler.swift in Sources */ = {isa = PBXBuildFile; fileRef = 37362D6E211B7314003E5ACA /* DragHandler.swift */; };
		37362D71211B7386003E5ACA /* TextShapeEditingView.swift in Sources */ = {isa = PBXBuildFile; fileRef = 37362D70211B7386003E5ACA /* TextShapeEditingView.swift */; };
		3762296E2113A9E60034D0E3 /* DrawsanaUtilities.swift in Sources */ = {isa = PBXBuildFile; fileRef = 3762296D2113A9E60034D0E3 /* DrawsanaUtilities.swift */; };
		376229722113AAD30034D0E3 /* LineShape.swift in Sources */ = {isa = PBXBuildFile; fileRef = 376229712113AAD30034D0E3 /* LineShape.swift */; };
		376229742113AAF50034D0E3 /* ShapeTransform.swift in Sources */ = {isa = PBXBuildFile; fileRef = 376229732113AAF50034D0E3 /* ShapeTransform.swift */; };
		376229762113AB6E0034D0E3 /* RectShape.swift in Sources */ = {isa = PBXBuildFile; fileRef = 376229752113AB6E0034D0E3 /* RectShape.swift */; };
		376229782113AB770034D0E3 /* EllipseShape.swift in Sources */ = {isa = PBXBuildFile; fileRef = 376229772113AB770034D0E3 /* EllipseShape.swift */; };
		3762297A2113AB7F0034D0E3 /* PenShape.swift in Sources */ = {isa = PBXBuildFile; fileRef = 376229792113AB7F0034D0E3 /* PenShape.swift */; };
		3762297D2113AC570034D0E3 /* CGPoint+DrawsanaExtensions.swift in Sources */ = {isa = PBXBuildFile; fileRef = 3762297C2113AC570034D0E3 /* CGPoint+DrawsanaExtensions.swift */; };
		376229812113AD570034D0E3 /* ToolOperationContext.swift in Sources */ = {isa = PBXBuildFile; fileRef = 376229802113AD570034D0E3 /* ToolOperationContext.swift */; };
		376229832113AD6E0034D0E3 /* Drawing.swift in Sources */ = {isa = PBXBuildFile; fileRef = 376229822113AD6E0034D0E3 /* Drawing.swift */; };
		376229872113ADD70034D0E3 /* UserSettings.swift in Sources */ = {isa = PBXBuildFile; fileRef = 376229862113ADD70034D0E3 /* UserSettings.swift */; };
		3762298B2113D7910034D0E3 /* TextTool.swift in Sources */ = {isa = PBXBuildFile; fileRef = 3762298A2113D7910034D0E3 /* TextTool.swift */; };
		3777F2FD21068A5C009A9AC5 /* Shape.swift in Sources */ = {isa = PBXBuildFile; fileRef = 3777F2FC21068A5C009A9AC5 /* Shape.swift */; };
		3777F2FF21068A78009A9AC5 /* DrawingTool.swift in Sources */ = {isa = PBXBuildFile; fileRef = 3777F2FE21068A78009A9AC5 /* DrawingTool.swift */; };
		37885E2A210A9C69003A918F /* ArrowTool_EllipseTool_LineTool_RectTool.swift in Sources */ = {isa = PBXBuildFile; fileRef = 37885E29210A9C69003A918F /* ArrowTool_EllipseTool_LineTool_RectTool.swift */; };
		37885E2C210A9C95003A918F /* PenTool_EraserTool.swift in Sources */ = {isa = PBXBuildFile; fileRef = 37885E2B210A9C95003A918F /* PenTool_EraserTool.swift */; };
		37885E2E210A9CDA003A918F /* SelectionTool.swift in Sources */ = {isa = PBXBuildFile; fileRef = 37885E2D210A9CDA003A918F /* SelectionTool.swift */; };
		37EB4EE3210649E100E10461 /* Drawsana.framework in Frameworks */ = {isa = PBXBuildFile; fileRef = 37EB4ED9210649E100E10461 /* Drawsana.framework */; };
		37EB4EE8210649E100E10461 /* DrawsanaTests.swift in Sources */ = {isa = PBXBuildFile; fileRef = 37EB4EE7210649E100E10461 /* DrawsanaTests.swift */; };
		37EB4EEA210649E100E10461 /* Drawsana.h in Headers */ = {isa = PBXBuildFile; fileRef = 37EB4EDC210649E100E10461 /* Drawsana.h */; settings = {ATTRIBUTES = (Public, ); }; };
		37EB4EF4210649FC00E10461 /* DrawsanaView.swift in Sources */ = {isa = PBXBuildFile; fileRef = 37EB4EF3210649FC00E10461 /* DrawsanaView.swift */; };
		37EB4EFD21064A5E00E10461 /* AppDelegate.swift in Sources */ = {isa = PBXBuildFile; fileRef = 37EB4EFC21064A5E00E10461 /* AppDelegate.swift */; };
		37EB4EFF21064A5E00E10461 /* ViewController.swift in Sources */ = {isa = PBXBuildFile; fileRef = 37EB4EFE21064A5E00E10461 /* ViewController.swift */; };
		37EB4F0221064A5E00E10461 /* Main.storyboard in Resources */ = {isa = PBXBuildFile; fileRef = 37EB4F0021064A5E00E10461 /* Main.storyboard */; };
		37EB4F0421064A6000E10461 /* Assets.xcassets in Resources */ = {isa = PBXBuildFile; fileRef = 37EB4F0321064A6000E10461 /* Assets.xcassets */; };
		37EB4F0721064A6000E10461 /* LaunchScreen.storyboard in Resources */ = {isa = PBXBuildFile; fileRef = 37EB4F0521064A6000E10461 /* LaunchScreen.storyboard */; };
		37EB4F1A21064A8100E10461 /* Drawsana.framework in Frameworks */ = {isa = PBXBuildFile; fileRef = 37EB4ED9210649E100E10461 /* Drawsana.framework */; };
		37EB4F1B21064A8100E10461 /* Drawsana.framework in Embed Frameworks */ = {isa = PBXBuildFile; fileRef = 37EB4ED9210649E100E10461 /* Drawsana.framework */; settings = {ATTRIBUTES = (CodeSignOnCopy, RemoveHeadersOnCopy, ); }; };
		D024467821DA1ED000E431C8 /* StarTool_PentagonTool_TriangleTool.swift in Sources */ = {isa = PBXBuildFile; fileRef = D024467721DA1ED000E431C8 /* StarTool_PentagonTool_TriangleTool.swift */; };
		D0E97E8321D0D3BA007722D7 /* StarShape.swift in Sources */ = {isa = PBXBuildFile; fileRef = D0E97E8221D0D3BA007722D7 /* StarShape.swift */; };
		D0E97E8521D0DD90007722D7 /* NgonShape.swift in Sources */ = {isa = PBXBuildFile; fileRef = D0E97E8421D0DD90007722D7 /* NgonShape.swift */; };
		D0F3B43D21D34F4000701BB4 /* CGFloat+DrawsanaExtensions.swift in Sources */ = {isa = PBXBuildFile; fileRef = D0F3B43C21D34F4000701BB4 /* CGFloat+DrawsanaExtensions.swift */; };
		DF8C5A1C227C0CC0008C58AE /* DrawingToolForShapeWithThreePoints.swift in Sources */ = {isa = PBXBuildFile; fileRef = DF8C5A1B227C0CC0008C58AE /* DrawingToolForShapeWithThreePoints.swift */; };
		DF8C5A1E227C0CCA008C58AE /* AngleShape.swift in Sources */ = {isa = PBXBuildFile; fileRef = DF8C5A1D227C0CCA008C58AE /* AngleShape.swift */; };
		DF8C5A20227C18B0008C58AE /* AngleTool.swift in Sources */ = {isa = PBXBuildFile; fileRef = DF8C5A1F227C18B0008C58AE /* AngleTool.swift */; };
/* End PBXBuildFile section */

/* Begin PBXContainerItemProxy section */
		37EB4EE4210649E100E10461 /* PBXContainerItemProxy */ = {
			isa = PBXContainerItemProxy;
			containerPortal = 37EB4ED0210649E100E10461 /* Project object */;
			proxyType = 1;
			remoteGlobalIDString = 37EB4ED8210649E100E10461;
			remoteInfo = AMDrawingView;
		};
		37EB4F1C21064A8100E10461 /* PBXContainerItemProxy */ = {
			isa = PBXContainerItemProxy;
			containerPortal = 37EB4ED0210649E100E10461 /* Project object */;
			proxyType = 1;
			remoteGlobalIDString = 37EB4ED8210649E100E10461;
			remoteInfo = AMDrawingView;
		};
/* End PBXContainerItemProxy section */

/* Begin PBXCopyFilesBuildPhase section */
		37EB4F1E21064A8100E10461 /* Embed Frameworks */ = {
			isa = PBXCopyFilesBuildPhase;
			buildActionMask = 2147483647;
			dstPath = "";
			dstSubfolderSpec = 10;
			files = (
				37EB4F1B21064A8100E10461 /* Drawsana.framework in Embed Frameworks */,
			);
			name = "Embed Frameworks";
			runOnlyForDeploymentPostprocessing = 0;
		};
/* End PBXCopyFilesBuildPhase section */

/* Begin PBXFileReference section */
		3706B159211B972A00D41622 /* LICENSE */ = {isa = PBXFileReference; lastKnownFileType = text; path = LICENSE; sourceTree = "<group>"; };
		3706B15B211BA07F00D41622 /* KeyedDecodingContainer+DrawsanaExtensions.swift */ = {isa = PBXFileReference; lastKnownFileType = sourcecode.swift; path = "KeyedDecodingContainer+DrawsanaExtensions.swift"; sourceTree = "<group>"; };
		3706B15D211CF29500D41622 /* DrawingToolForShapeWithTwoPoints.swift */ = {isa = PBXFileReference; lastKnownFileType = sourcecode.swift; path = DrawingToolForShapeWithTwoPoints.swift; sourceTree = "<group>"; };
		371BE7CF2123643100861596 /* ImmediatePanGestureRecognizer.swift */ = {isa = PBXFileReference; lastKnownFileType = sourcecode.swift; path = ImmediatePanGestureRecognizer.swift; sourceTree = "<group>"; };
		372093CE21345862001A906E /* ColorPickerViewController.swift */ = {isa = PBXFileReference; lastKnownFileType = sourcecode.swift; path = ColorPickerViewController.swift; sourceTree = "<group>"; };
		372093D021345DB7001A906E /* ToolPickerViewController.swift */ = {isa = PBXFileReference; lastKnownFileType = sourcecode.swift; path = ToolPickerViewController.swift; sourceTree = "<group>"; };
		37362D5B21151684003E5ACA /* TextShape.swift */ = {isa = PBXFileReference; lastKnownFileType = sourcecode.swift; path = TextShape.swift; sourceTree = "<group>"; };
		37362D5D2118D8A3003E5ACA /* ToolSettings.swift */ = {isa = PBXFileReference; lastKnownFileType = sourcecode.swift; path = ToolSettings.swift; sourceTree = "<group>"; };
		37362D5F2118E46F003E5ACA /* DrawingOperationStack.swift */ = {isa = PBXFileReference; lastKnownFileType = sourcecode.swift; path = DrawingOperationStack.swift; sourceTree = "<group>"; };
		37362D612118EE98003E5ACA /* DrawingOperations.swift */ = {isa = PBXFileReference; lastKnownFileType = sourcecode.swift; path = DrawingOperations.swift; sourceTree = "<group>"; };
		37362D6321190187003E5ACA /* Makefile */ = {isa = PBXFileReference; lastKnownFileType = sourcecode.make; path = Makefile; sourceTree = "<group>"; };
		37362D672119025F003E5ACA /* .jazzy.yaml */ = {isa = PBXFileReference; lastKnownFileType = text; path = .jazzy.yaml; sourceTree = "<group>"; };
		37362D69211A01A1003E5ACA /* UIColor+DrawsanaExtensions.swift */ = {isa = PBXFileReference; lastKnownFileType = sourcecode.swift; path = "UIColor+DrawsanaExtensions.swift"; sourceTree = "<group>"; };
		37362D6B211B6930003E5ACA /* CGRect+DrawsanaExtensions.swift */ = {isa = PBXFileReference; lastKnownFileType = sourcecode.swift; path = "CGRect+DrawsanaExtensions.swift"; sourceTree = "<group>"; };
		37362D6E211B7314003E5ACA /* DragHandler.swift */ = {isa = PBXFileReference; lastKnownFileType = sourcecode.swift; path = DragHandler.swift; sourceTree = "<group>"; };
		37362D70211B7386003E5ACA /* TextShapeEditingView.swift */ = {isa = PBXFileReference; lastKnownFileType = sourcecode.swift; path = TextShapeEditingView.swift; sourceTree = "<group>"; };
		3762296D2113A9E60034D0E3 /* DrawsanaUtilities.swift */ = {isa = PBXFileReference; lastKnownFileType = sourcecode.swift; path = DrawsanaUtilities.swift; sourceTree = "<group>"; };
		376229712113AAD30034D0E3 /* LineShape.swift */ = {isa = PBXFileReference; lastKnownFileType = sourcecode.swift; path = LineShape.swift; sourceTree = "<group>"; };
		376229732113AAF50034D0E3 /* ShapeTransform.swift */ = {isa = PBXFileReference; lastKnownFileType = sourcecode.swift; path = ShapeTransform.swift; sourceTree = "<group>"; };
		376229752113AB6E0034D0E3 /* RectShape.swift */ = {isa = PBXFileReference; lastKnownFileType = sourcecode.swift; path = RectShape.swift; sourceTree = "<group>"; };
		376229772113AB770034D0E3 /* EllipseShape.swift */ = {isa = PBXFileReference; lastKnownFileType = sourcecode.swift; path = EllipseShape.swift; sourceTree = "<group>"; };
		376229792113AB7F0034D0E3 /* PenShape.swift */ = {isa = PBXFileReference; lastKnownFileType = sourcecode.swift; path = PenShape.swift; sourceTree = "<group>"; };
		3762297C2113AC570034D0E3 /* CGPoint+DrawsanaExtensions.swift */ = {isa = PBXFileReference; lastKnownFileType = sourcecode.swift; path = "CGPoint+DrawsanaExtensions.swift"; sourceTree = "<group>"; };
		376229802113AD570034D0E3 /* ToolOperationContext.swift */ = {isa = PBXFileReference; lastKnownFileType = sourcecode.swift; path = ToolOperationContext.swift; sourceTree = "<group>"; };
		376229822113AD6E0034D0E3 /* Drawing.swift */ = {isa = PBXFileReference; lastKnownFileType = sourcecode.swift; path = Drawing.swift; sourceTree = "<group>"; };
		376229862113ADD70034D0E3 /* UserSettings.swift */ = {isa = PBXFileReference; lastKnownFileType = sourcecode.swift; path = UserSettings.swift; sourceTree = "<group>"; };
		376229892113AE0C0034D0E3 /* Readme.md */ = {isa = PBXFileReference; lastKnownFileType = net.daringfireball.markdown; path = Readme.md; sourceTree = "<group>"; };
		3762298A2113D7910034D0E3 /* TextTool.swift */ = {isa = PBXFileReference; lastKnownFileType = sourcecode.swift; path = TextTool.swift; sourceTree = "<group>"; };
		3777F2FC21068A5C009A9AC5 /* Shape.swift */ = {isa = PBXFileReference; lastKnownFileType = sourcecode.swift; path = Shape.swift; sourceTree = "<group>"; };
		3777F2FE21068A78009A9AC5 /* DrawingTool.swift */ = {isa = PBXFileReference; lastKnownFileType = sourcecode.swift; path = DrawingTool.swift; sourceTree = "<group>"; };
		37885E29210A9C69003A918F /* ArrowTool_EllipseTool_LineTool_RectTool.swift */ = {isa = PBXFileReference; lastKnownFileType = sourcecode.swift; path = ArrowTool_EllipseTool_LineTool_RectTool.swift; sourceTree = "<group>"; };
		37885E2B210A9C95003A918F /* PenTool_EraserTool.swift */ = {isa = PBXFileReference; lastKnownFileType = sourcecode.swift; path = PenTool_EraserTool.swift; sourceTree = "<group>"; };
		37885E2D210A9CDA003A918F /* SelectionTool.swift */ = {isa = PBXFileReference; lastKnownFileType = sourcecode.swift; path = SelectionTool.swift; sourceTree = "<group>"; };
		37EB4ED9210649E100E10461 /* Drawsana.framework */ = {isa = PBXFileReference; explicitFileType = wrapper.framework; includeInIndex = 0; path = Drawsana.framework; sourceTree = BUILT_PRODUCTS_DIR; };
		37EB4EDC210649E100E10461 /* Drawsana.h */ = {isa = PBXFileReference; lastKnownFileType = sourcecode.c.h; path = Drawsana.h; sourceTree = "<group>"; };
		37EB4EDD210649E100E10461 /* Info.plist */ = {isa = PBXFileReference; lastKnownFileType = text.plist.xml; path = Info.plist; sourceTree = "<group>"; };
		37EB4EE2210649E100E10461 /* DrawsanaTests.xctest */ = {isa = PBXFileReference; explicitFileType = wrapper.cfbundle; includeInIndex = 0; path = DrawsanaTests.xctest; sourceTree = BUILT_PRODUCTS_DIR; };
		37EB4EE7210649E100E10461 /* DrawsanaTests.swift */ = {isa = PBXFileReference; lastKnownFileType = sourcecode.swift; path = DrawsanaTests.swift; sourceTree = "<group>"; };
		37EB4EE9210649E100E10461 /* Info.plist */ = {isa = PBXFileReference; lastKnownFileType = text.plist.xml; path = Info.plist; sourceTree = "<group>"; };
		37EB4EF3210649FC00E10461 /* DrawsanaView.swift */ = {isa = PBXFileReference; lastKnownFileType = sourcecode.swift; path = DrawsanaView.swift; sourceTree = "<group>"; };
		37EB4EFA21064A5E00E10461 /* Drawsana Demo.app */ = {isa = PBXFileReference; explicitFileType = wrapper.application; includeInIndex = 0; path = "Drawsana Demo.app"; sourceTree = BUILT_PRODUCTS_DIR; };
		37EB4EFC21064A5E00E10461 /* AppDelegate.swift */ = {isa = PBXFileReference; lastKnownFileType = sourcecode.swift; path = AppDelegate.swift; sourceTree = "<group>"; };
		37EB4EFE21064A5E00E10461 /* ViewController.swift */ = {isa = PBXFileReference; lastKnownFileType = sourcecode.swift; path = ViewController.swift; sourceTree = "<group>"; };
		37EB4F0121064A5E00E10461 /* Base */ = {isa = PBXFileReference; lastKnownFileType = file.storyboard; name = Base; path = Base.lproj/Main.storyboard; sourceTree = "<group>"; };
		37EB4F0321064A6000E10461 /* Assets.xcassets */ = {isa = PBXFileReference; lastKnownFileType = folder.assetcatalog; path = Assets.xcassets; sourceTree = "<group>"; };
		37EB4F0621064A6000E10461 /* Base */ = {isa = PBXFileReference; lastKnownFileType = file.storyboard; name = Base; path = Base.lproj/LaunchScreen.storyboard; sourceTree = "<group>"; };
		37EB4F0821064A6000E10461 /* Info.plist */ = {isa = PBXFileReference; lastKnownFileType = text.plist.xml; path = Info.plist; sourceTree = "<group>"; };
		D024467721DA1ED000E431C8 /* StarTool_PentagonTool_TriangleTool.swift */ = {isa = PBXFileReference; fileEncoding = 4; lastKnownFileType = sourcecode.swift; path = StarTool_PentagonTool_TriangleTool.swift; sourceTree = "<group>"; };
		D0E97E8221D0D3BA007722D7 /* StarShape.swift */ = {isa = PBXFileReference; lastKnownFileType = sourcecode.swift; path = StarShape.swift; sourceTree = "<group>"; };
		D0E97E8421D0DD90007722D7 /* NgonShape.swift */ = {isa = PBXFileReference; lastKnownFileType = sourcecode.swift; path = NgonShape.swift; sourceTree = "<group>"; };
		D0F3B43C21D34F4000701BB4 /* CGFloat+DrawsanaExtensions.swift */ = {isa = PBXFileReference; lastKnownFileType = sourcecode.swift; path = "CGFloat+DrawsanaExtensions.swift"; sourceTree = "<group>"; };
		DF8C5A1B227C0CC0008C58AE /* DrawingToolForShapeWithThreePoints.swift */ = {isa = PBXFileReference; fileEncoding = 4; lastKnownFileType = sourcecode.swift; path = DrawingToolForShapeWithThreePoints.swift; sourceTree = "<group>"; };
		DF8C5A1D227C0CCA008C58AE /* AngleShape.swift */ = {isa = PBXFileReference; fileEncoding = 4; lastKnownFileType = sourcecode.swift; path = AngleShape.swift; sourceTree = "<group>"; };
		DF8C5A1F227C18B0008C58AE /* AngleTool.swift */ = {isa = PBXFileReference; lastKnownFileType = sourcecode.swift; path = AngleTool.swift; sourceTree = "<group>"; };
/* End PBXFileReference section */

/* Begin PBXFrameworksBuildPhase section */
		37EB4ED5210649E100E10461 /* Frameworks */ = {
			isa = PBXFrameworksBuildPhase;
			buildActionMask = 2147483647;
			files = (
			);
			runOnlyForDeploymentPostprocessing = 0;
		};
		37EB4EDF210649E100E10461 /* Frameworks */ = {
			isa = PBXFrameworksBuildPhase;
			buildActionMask = 2147483647;
			files = (
				37EB4EE3210649E100E10461 /* Drawsana.framework in Frameworks */,
			);
			runOnlyForDeploymentPostprocessing = 0;
		};
		37EB4EF721064A5E00E10461 /* Frameworks */ = {
			isa = PBXFrameworksBuildPhase;
			buildActionMask = 2147483647;
			files = (
				37EB4F1A21064A8100E10461 /* Drawsana.framework in Frameworks */,
			);
			runOnlyForDeploymentPostprocessing = 0;
		};
/* End PBXFrameworksBuildPhase section */

/* Begin PBXGroup section */
		37362D6D211B7305003E5ACA /* Text tool */ = {
			isa = PBXGroup;
			children = (
				3762298A2113D7910034D0E3 /* TextTool.swift */,
				37362D6E211B7314003E5ACA /* DragHandler.swift */,
				37362D70211B7386003E5ACA /* TextShapeEditingView.swift */,
			);
			path = "Text tool";
			sourceTree = "<group>";
		};
		37362D72211B853B003E5ACA /* Extensions */ = {
			isa = PBXGroup;
			children = (
				D0F3B43C21D34F4000701BB4 /* CGFloat+DrawsanaExtensions.swift */,
				3762297C2113AC570034D0E3 /* CGPoint+DrawsanaExtensions.swift */,
				37362D6B211B6930003E5ACA /* CGRect+DrawsanaExtensions.swift */,
				3706B15B211BA07F00D41622 /* KeyedDecodingContainer+DrawsanaExtensions.swift */,
				37362D69211A01A1003E5ACA /* UIColor+DrawsanaExtensions.swift */,
			);
			path = Extensions;
			sourceTree = "<group>";
		};
		3762296F2113AA4C0034D0E3 /* Shapes */ = {
			isa = PBXGroup;
			children = (
				3777F2FC21068A5C009A9AC5 /* Shape.swift */,
				376229732113AAF50034D0E3 /* ShapeTransform.swift */,
				376229702113AA5C0034D0E3 /* Implementations */,
			);
			path = Shapes;
			sourceTree = "<group>";
		};
		376229702113AA5C0034D0E3 /* Implementations */ = {
			isa = PBXGroup;
			children = (
				DF8C5A1D227C0CCA008C58AE /* AngleShape.swift */,
				376229772113AB770034D0E3 /* EllipseShape.swift */,
				D0E97E8221D0D3BA007722D7 /* StarShape.swift */,
				D0E97E8421D0DD90007722D7 /* NgonShape.swift */,
				376229712113AAD30034D0E3 /* LineShape.swift */,
				376229792113AB7F0034D0E3 /* PenShape.swift */,
				376229752113AB6E0034D0E3 /* RectShape.swift */,
				37362D5B21151684003E5ACA /* TextShape.swift */,
			);
			path = Implementations;
			sourceTree = "<group>";
		};
		3762297B2113ABF20034D0E3 /* Tools */ = {
			isa = PBXGroup;
			children = (
				37362D612118EE98003E5ACA /* DrawingOperations.swift */,
				3777F2FE21068A78009A9AC5 /* DrawingTool.swift */,
				3762297E2113AC7D0034D0E3 /* Implementations */,
			);
			path = Tools;
			sourceTree = "<group>";
		};
		3762297E2113AC7D0034D0E3 /* Implementations */ = {
			isa = PBXGroup;
			children = (
				DF8C5A1B227C0CC0008C58AE /* DrawingToolForShapeWithThreePoints.swift */,
				3706B15D211CF29500D41622 /* DrawingToolForShapeWithTwoPoints.swift */,
				37885E29210A9C69003A918F /* ArrowTool_EllipseTool_LineTool_RectTool.swift */,
				D024467721DA1ED000E431C8 /* StarTool_PentagonTool_TriangleTool.swift */,
				37885E2B210A9C95003A918F /* PenTool_EraserTool.swift */,
				37885E2D210A9CDA003A918F /* SelectionTool.swift */,
				DF8C5A1F227C18B0008C58AE /* AngleTool.swift */,
				37362D6D211B7305003E5ACA /* Text tool */,
			);
			path = Implementations;
			sourceTree = "<group>";
		};
		3762297F2113ACE70034D0E3 /* _Support */ = {
			isa = PBXGroup;
			children = (
				37EB4EDC210649E100E10461 /* Drawsana.h */,
				37EB4EDD210649E100E10461 /* Info.plist */,
			);
			path = _Support;
			sourceTree = "<group>";
		};
		376229842113ADB30034D0E3 /* Helpers */ = {
			isa = PBXGroup;
			children = (
				3762296D2113A9E60034D0E3 /* DrawsanaUtilities.swift */,
				371BE7CF2123643100861596 /* ImmediatePanGestureRecognizer.swift */,
				37362D72211B853B003E5ACA /* Extensions */,
			);
			path = Helpers;
			sourceTree = "<group>";
		};
		376229882113ADEA0034D0E3 /* Data model */ = {
			isa = PBXGroup;
			children = (
				376229822113AD6E0034D0E3 /* Drawing.swift */,
				37362D5F2118E46F003E5ACA /* DrawingOperationStack.swift */,
				376229802113AD570034D0E3 /* ToolOperationContext.swift */,
				37362D5D2118D8A3003E5ACA /* ToolSettings.swift */,
				376229862113ADD70034D0E3 /* UserSettings.swift */,
			);
			path = "Data model";
			sourceTree = "<group>";
		};
		37EB4ECF210649E100E10461 = {
			isa = PBXGroup;
			children = (
				3706B159211B972A00D41622 /* LICENSE */,
				37362D672119025F003E5ACA /* .jazzy.yaml */,
				37362D6321190187003E5ACA /* Makefile */,
				376229892113AE0C0034D0E3 /* Readme.md */,
				37EB4EDB210649E100E10461 /* Drawsana */,
				37EB4EFB21064A5E00E10461 /* Drawsana Demo */,
				37EB4EE6210649E100E10461 /* Drawsana Tests */,
				37EB4EDA210649E100E10461 /* Products */,
			);
			sourceTree = "<group>";
		};
		37EB4EDA210649E100E10461 /* Products */ = {
			isa = PBXGroup;
			children = (
				37EB4ED9210649E100E10461 /* Drawsana.framework */,
				37EB4EE2210649E100E10461 /* DrawsanaTests.xctest */,
				37EB4EFA21064A5E00E10461 /* Drawsana Demo.app */,
			);
			name = Products;
			sourceTree = "<group>";
		};
		37EB4EDB210649E100E10461 /* Drawsana */ = {
			isa = PBXGroup;
			children = (
				37EB4EF3210649FC00E10461 /* DrawsanaView.swift */,
				376229882113ADEA0034D0E3 /* Data model */,
				376229842113ADB30034D0E3 /* Helpers */,
				3762296F2113AA4C0034D0E3 /* Shapes */,
				3762297B2113ABF20034D0E3 /* Tools */,
				3762297F2113ACE70034D0E3 /* _Support */,
			);
			path = Drawsana;
			sourceTree = "<group>";
		};
		37EB4EE6210649E100E10461 /* Drawsana Tests */ = {
			isa = PBXGroup;
			children = (
				37EB4EE7210649E100E10461 /* DrawsanaTests.swift */,
				37EB4EE9210649E100E10461 /* Info.plist */,
			);
			path = "Drawsana Tests";
			sourceTree = "<group>";
		};
		37EB4EFB21064A5E00E10461 /* Drawsana Demo */ = {
			isa = PBXGroup;
			children = (
				37EB4EFC21064A5E00E10461 /* AppDelegate.swift */,
				37EB4EFE21064A5E00E10461 /* ViewController.swift */,
				372093CE21345862001A906E /* ColorPickerViewController.swift */,
				372093D021345DB7001A906E /* ToolPickerViewController.swift */,
				37EB4F0021064A5E00E10461 /* Main.storyboard */,
				37EB4F0321064A6000E10461 /* Assets.xcassets */,
				37EB4F0521064A6000E10461 /* LaunchScreen.storyboard */,
				37EB4F0821064A6000E10461 /* Info.plist */,
			);
			path = "Drawsana Demo";
			sourceTree = "<group>";
		};
/* End PBXGroup section */

/* Begin PBXHeadersBuildPhase section */
		37EB4ED6210649E100E10461 /* Headers */ = {
			isa = PBXHeadersBuildPhase;
			buildActionMask = 2147483647;
			files = (
				37EB4EEA210649E100E10461 /* Drawsana.h in Headers */,
			);
			runOnlyForDeploymentPostprocessing = 0;
		};
/* End PBXHeadersBuildPhase section */

/* Begin PBXNativeTarget section */
		37EB4ED8210649E100E10461 /* Drawsana */ = {
			isa = PBXNativeTarget;
			buildConfigurationList = 37EB4EED210649E100E10461 /* Build configuration list for PBXNativeTarget "Drawsana" */;
			buildPhases = (
				37EB4ED4210649E100E10461 /* Sources */,
				37EB4ED5210649E100E10461 /* Frameworks */,
				37EB4ED6210649E100E10461 /* Headers */,
				37EB4ED7210649E100E10461 /* Resources */,
			);
			buildRules = (
			);
			dependencies = (
			);
			name = Drawsana;
			productName = AMDrawingView;
			productReference = 37EB4ED9210649E100E10461 /* Drawsana.framework */;
			productType = "com.apple.product-type.framework";
		};
		37EB4EE1210649E100E10461 /* DrawsanaTests */ = {
			isa = PBXNativeTarget;
			buildConfigurationList = 37EB4EF0210649E100E10461 /* Build configuration list for PBXNativeTarget "DrawsanaTests" */;
			buildPhases = (
				37EB4EDE210649E100E10461 /* Sources */,
				37EB4EDF210649E100E10461 /* Frameworks */,
				37EB4EE0210649E100E10461 /* Resources */,
			);
			buildRules = (
			);
			dependencies = (
				37EB4EE5210649E100E10461 /* PBXTargetDependency */,
			);
			name = DrawsanaTests;
			productName = AMDrawingViewTests;
			productReference = 37EB4EE2210649E100E10461 /* DrawsanaTests.xctest */;
			productType = "com.apple.product-type.bundle.unit-test";
		};
		37EB4EF921064A5E00E10461 /* Drawsana Demo */ = {
			isa = PBXNativeTarget;
			buildConfigurationList = 37EB4F1421064A6000E10461 /* Build configuration list for PBXNativeTarget "Drawsana Demo" */;
			buildPhases = (
				37EB4EF621064A5E00E10461 /* Sources */,
				37EB4EF721064A5E00E10461 /* Frameworks */,
				37EB4EF821064A5E00E10461 /* Resources */,
				37EB4F1E21064A8100E10461 /* Embed Frameworks */,
			);
			buildRules = (
			);
			dependencies = (
				37EB4F1D21064A8100E10461 /* PBXTargetDependency */,
			);
			name = "Drawsana Demo";
			productName = "AMDrawingView Demo";
			productReference = 37EB4EFA21064A5E00E10461 /* Drawsana Demo.app */;
			productType = "com.apple.product-type.application";
		};
/* End PBXNativeTarget section */

/* Begin PBXProject section */
		37EB4ED0210649E100E10461 /* Project object */ = {
			isa = PBXProject;
			attributes = {
				LastSwiftUpdateCheck = 0940;
				LastUpgradeCheck = 1020;
				ORGANIZATIONNAME = Asana;
				TargetAttributes = {
					37EB4ED8210649E100E10461 = {
						CreatedOnToolsVersion = 9.4;
						LastSwiftMigration = 1020;
					};
					37EB4EE1210649E100E10461 = {
						CreatedOnToolsVersion = 9.4;
					};
					37EB4EF921064A5E00E10461 = {
						CreatedOnToolsVersion = 9.4;
						LastSwiftMigration = 1020;
					};
				};
			};
			buildConfigurationList = 37EB4ED3210649E100E10461 /* Build configuration list for PBXProject "Drawsana" */;
			compatibilityVersion = "Xcode 9.3";
			developmentRegion = en;
			hasScannedForEncodings = 0;
			knownRegions = (
				en,
				Base,
			);
			mainGroup = 37EB4ECF210649E100E10461;
			productRefGroup = 37EB4EDA210649E100E10461 /* Products */;
			projectDirPath = "";
			projectRoot = "";
			targets = (
				37EB4ED8210649E100E10461 /* Drawsana */,
				37EB4EE1210649E100E10461 /* DrawsanaTests */,
				37EB4EF921064A5E00E10461 /* Drawsana Demo */,
			);
		};
/* End PBXProject section */

/* Begin PBXResourcesBuildPhase section */
		37EB4ED7210649E100E10461 /* Resources */ = {
			isa = PBXResourcesBuildPhase;
			buildActionMask = 2147483647;
			files = (
				3706B15A211B972A00D41622 /* LICENSE in Resources */,
				37362D682119025F003E5ACA /* .jazzy.yaml in Resources */,
			);
			runOnlyForDeploymentPostprocessing = 0;
		};
		37EB4EE0210649E100E10461 /* Resources */ = {
			isa = PBXResourcesBuildPhase;
			buildActionMask = 2147483647;
			files = (
			);
			runOnlyForDeploymentPostprocessing = 0;
		};
		37EB4EF821064A5E00E10461 /* Resources */ = {
			isa = PBXResourcesBuildPhase;
			buildActionMask = 2147483647;
			files = (
				37EB4F0721064A6000E10461 /* LaunchScreen.storyboard in Resources */,
				37EB4F0421064A6000E10461 /* Assets.xcassets in Resources */,
				37EB4F0221064A5E00E10461 /* Main.storyboard in Resources */,
			);
			runOnlyForDeploymentPostprocessing = 0;
		};
/* End PBXResourcesBuildPhase section */

/* Begin PBXSourcesBuildPhase section */
		37EB4ED4210649E100E10461 /* Sources */ = {
			isa = PBXSourcesBuildPhase;
			buildActionMask = 2147483647;
			files = (
				37362D5E2118D8A3003E5ACA /* ToolSettings.swift in Sources */,
				D0E97E8521D0DD90007722D7 /* NgonShape.swift in Sources */,
				DF8C5A20227C18B0008C58AE /* AngleTool.swift in Sources */,
				376229872113ADD70034D0E3 /* UserSettings.swift in Sources */,
				3762297D2113AC570034D0E3 /* CGPoint+DrawsanaExtensions.swift in Sources */,
				DF8C5A1C227C0CC0008C58AE /* DrawingToolForShapeWithThreePoints.swift in Sources */,
				3762296E2113A9E60034D0E3 /* DrawsanaUtilities.swift in Sources */,
				3762297A2113AB7F0034D0E3 /* PenShape.swift in Sources */,
				37362D6C211B6930003E5ACA /* CGRect+DrawsanaExtensions.swift in Sources */,
				D024467821DA1ED000E431C8 /* StarTool_PentagonTool_TriangleTool.swift in Sources */,
				376229812113AD570034D0E3 /* ToolOperationContext.swift in Sources */,
				3762298B2113D7910034D0E3 /* TextTool.swift in Sources */,
				D0F3B43D21D34F4000701BB4 /* CGFloat+DrawsanaExtensions.swift in Sources */,
				376229742113AAF50034D0E3 /* ShapeTransform.swift in Sources */,
				37885E2A210A9C69003A918F /* ArrowTool_EllipseTool_LineTool_RectTool.swift in Sources */,
				3706B15C211BA07F00D41622 /* KeyedDecodingContainer+DrawsanaExtensions.swift in Sources */,
				376229722113AAD30034D0E3 /* LineShape.swift in Sources */,
				37885E2E210A9CDA003A918F /* SelectionTool.swift in Sources */,
				37362D622118EE98003E5ACA /* DrawingOperations.swift in Sources */,
				D0E97E8321D0D3BA007722D7 /* StarShape.swift in Sources */,
				DF8C5A1E227C0CCA008C58AE /* AngleShape.swift in Sources */,
				37362D6A211A01A1003E5ACA /* UIColor+DrawsanaExtensions.swift in Sources */,
				376229782113AB770034D0E3 /* EllipseShape.swift in Sources */,
				376229762113AB6E0034D0E3 /* RectShape.swift in Sources */,
				37362D6F211B7314003E5ACA /* DragHandler.swift in Sources */,
				37EB4EF4210649FC00E10461 /* DrawsanaView.swift in Sources */,
				37362D602118E46F003E5ACA /* DrawingOperationStack.swift in Sources */,
				3777F2FF21068A78009A9AC5 /* DrawingTool.swift in Sources */,
				3706B15E211CF29500D41622 /* DrawingToolForShapeWithTwoPoints.swift in Sources */,
				3777F2FD21068A5C009A9AC5 /* Shape.swift in Sources */,
				37885E2C210A9C95003A918F /* PenTool_EraserTool.swift in Sources */,
				37362D5C21151684003E5ACA /* TextShape.swift in Sources */,
				371BE7D02123643100861596 /* ImmediatePanGestureRecognizer.swift in Sources */,
				376229832113AD6E0034D0E3 /* Drawing.swift in Sources */,
				37362D71211B7386003E5ACA /* TextShapeEditingView.swift in Sources */,
			);
			runOnlyForDeploymentPostprocessing = 0;
		};
		37EB4EDE210649E100E10461 /* Sources */ = {
			isa = PBXSourcesBuildPhase;
			buildActionMask = 2147483647;
			files = (
				37EB4EE8210649E100E10461 /* DrawsanaTests.swift in Sources */,
			);
			runOnlyForDeploymentPostprocessing = 0;
		};
		37EB4EF621064A5E00E10461 /* Sources */ = {
			isa = PBXSourcesBuildPhase;
			buildActionMask = 2147483647;
			files = (
				372093D121345DB7001A906E /* ToolPickerViewController.swift in Sources */,
				37EB4EFF21064A5E00E10461 /* ViewController.swift in Sources */,
				37EB4EFD21064A5E00E10461 /* AppDelegate.swift in Sources */,
				372093CF21345862001A906E /* ColorPickerViewController.swift in Sources */,
			);
			runOnlyForDeploymentPostprocessing = 0;
		};
/* End PBXSourcesBuildPhase section */

/* Begin PBXTargetDependency section */
		37EB4EE5210649E100E10461 /* PBXTargetDependency */ = {
			isa = PBXTargetDependency;
			target = 37EB4ED8210649E100E10461 /* Drawsana */;
			targetProxy = 37EB4EE4210649E100E10461 /* PBXContainerItemProxy */;
		};
		37EB4F1D21064A8100E10461 /* PBXTargetDependency */ = {
			isa = PBXTargetDependency;
			target = 37EB4ED8210649E100E10461 /* Drawsana */;
			targetProxy = 37EB4F1C21064A8100E10461 /* PBXContainerItemProxy */;
		};
/* End PBXTargetDependency section */

/* Begin PBXVariantGroup section */
		37EB4F0021064A5E00E10461 /* Main.storyboard */ = {
			isa = PBXVariantGroup;
			children = (
				37EB4F0121064A5E00E10461 /* Base */,
			);
			name = Main.storyboard;
			sourceTree = "<group>";
		};
		37EB4F0521064A6000E10461 /* LaunchScreen.storyboard */ = {
			isa = PBXVariantGroup;
			children = (
				37EB4F0621064A6000E10461 /* Base */,
			);
			name = LaunchScreen.storyboard;
			sourceTree = "<group>";
		};
/* End PBXVariantGroup section */

/* Begin XCBuildConfiguration section */
		37EB4EEB210649E100E10461 /* Debug */ = {
			isa = XCBuildConfiguration;
			buildSettings = {
				ALWAYS_SEARCH_USER_PATHS = NO;
				CLANG_ANALYZER_NONNULL = YES;
				CLANG_ANALYZER_NUMBER_OBJECT_CONVERSION = YES_AGGRESSIVE;
				CLANG_CXX_LANGUAGE_STANDARD = "gnu++14";
				CLANG_CXX_LIBRARY = "libc++";
				CLANG_ENABLE_MODULES = YES;
				CLANG_ENABLE_OBJC_ARC = YES;
				CLANG_ENABLE_OBJC_WEAK = YES;
				CLANG_WARN_BLOCK_CAPTURE_AUTORELEASING = YES;
				CLANG_WARN_BOOL_CONVERSION = YES;
				CLANG_WARN_COMMA = YES;
				CLANG_WARN_CONSTANT_CONVERSION = YES;
				CLANG_WARN_DEPRECATED_OBJC_IMPLEMENTATIONS = YES;
				CLANG_WARN_DIRECT_OBJC_ISA_USAGE = YES_ERROR;
				CLANG_WARN_DOCUMENTATION_COMMENTS = YES;
				CLANG_WARN_EMPTY_BODY = YES;
				CLANG_WARN_ENUM_CONVERSION = YES;
				CLANG_WARN_INFINITE_RECURSION = YES;
				CLANG_WARN_INT_CONVERSION = YES;
				CLANG_WARN_NON_LITERAL_NULL_CONVERSION = YES;
				CLANG_WARN_OBJC_IMPLICIT_RETAIN_SELF = YES;
				CLANG_WARN_OBJC_LITERAL_CONVERSION = YES;
				CLANG_WARN_OBJC_ROOT_CLASS = YES_ERROR;
				CLANG_WARN_RANGE_LOOP_ANALYSIS = YES;
				CLANG_WARN_STRICT_PROTOTYPES = YES;
				CLANG_WARN_SUSPICIOUS_MOVE = YES;
				CLANG_WARN_UNGUARDED_AVAILABILITY = YES_AGGRESSIVE;
				CLANG_WARN_UNREACHABLE_CODE = YES;
				CLANG_WARN__DUPLICATE_METHOD_MATCH = YES;
				CODE_SIGN_IDENTITY = "iPhone Developer";
				COPY_PHASE_STRIP = NO;
				CURRENT_PROJECT_VERSION = 1;
				DEBUG_INFORMATION_FORMAT = dwarf;
				ENABLE_STRICT_OBJC_MSGSEND = YES;
				ENABLE_TESTABILITY = YES;
				GCC_C_LANGUAGE_STANDARD = gnu11;
				GCC_DYNAMIC_NO_PIC = NO;
				GCC_NO_COMMON_BLOCKS = YES;
				GCC_OPTIMIZATION_LEVEL = 0;
				GCC_PREPROCESSOR_DEFINITIONS = (
					"DEBUG=1",
					"$(inherited)",
				);
				GCC_WARN_64_TO_32_BIT_CONVERSION = YES;
				GCC_WARN_ABOUT_RETURN_TYPE = YES_ERROR;
				GCC_WARN_UNDECLARED_SELECTOR = YES;
				GCC_WARN_UNINITIALIZED_AUTOS = YES_AGGRESSIVE;
				GCC_WARN_UNUSED_FUNCTION = YES;
				GCC_WARN_UNUSED_VARIABLE = YES;
				IPHONEOS_DEPLOYMENT_TARGET = 11.4;
				MTL_ENABLE_DEBUG_INFO = YES;
				ONLY_ACTIVE_ARCH = YES;
				SDKROOT = iphoneos;
				SWIFT_ACTIVE_COMPILATION_CONDITIONS = DEBUG;
				SWIFT_OPTIMIZATION_LEVEL = "-Onone";
				VERSIONING_SYSTEM = "apple-generic";
				VERSION_INFO_PREFIX = "";
			};
			name = Debug;
		};
		37EB4EEC210649E100E10461 /* Release */ = {
			isa = XCBuildConfiguration;
			buildSettings = {
				ALWAYS_SEARCH_USER_PATHS = NO;
				CLANG_ANALYZER_NONNULL = YES;
				CLANG_ANALYZER_NUMBER_OBJECT_CONVERSION = YES_AGGRESSIVE;
				CLANG_CXX_LANGUAGE_STANDARD = "gnu++14";
				CLANG_CXX_LIBRARY = "libc++";
				CLANG_ENABLE_MODULES = YES;
				CLANG_ENABLE_OBJC_ARC = YES;
				CLANG_ENABLE_OBJC_WEAK = YES;
				CLANG_WARN_BLOCK_CAPTURE_AUTORELEASING = YES;
				CLANG_WARN_BOOL_CONVERSION = YES;
				CLANG_WARN_COMMA = YES;
				CLANG_WARN_CONSTANT_CONVERSION = YES;
				CLANG_WARN_DEPRECATED_OBJC_IMPLEMENTATIONS = YES;
				CLANG_WARN_DIRECT_OBJC_ISA_USAGE = YES_ERROR;
				CLANG_WARN_DOCUMENTATION_COMMENTS = YES;
				CLANG_WARN_EMPTY_BODY = YES;
				CLANG_WARN_ENUM_CONVERSION = YES;
				CLANG_WARN_INFINITE_RECURSION = YES;
				CLANG_WARN_INT_CONVERSION = YES;
				CLANG_WARN_NON_LITERAL_NULL_CONVERSION = YES;
				CLANG_WARN_OBJC_IMPLICIT_RETAIN_SELF = YES;
				CLANG_WARN_OBJC_LITERAL_CONVERSION = YES;
				CLANG_WARN_OBJC_ROOT_CLASS = YES_ERROR;
				CLANG_WARN_RANGE_LOOP_ANALYSIS = YES;
				CLANG_WARN_STRICT_PROTOTYPES = YES;
				CLANG_WARN_SUSPICIOUS_MOVE = YES;
				CLANG_WARN_UNGUARDED_AVAILABILITY = YES_AGGRESSIVE;
				CLANG_WARN_UNREACHABLE_CODE = YES;
				CLANG_WARN__DUPLICATE_METHOD_MATCH = YES;
				CODE_SIGN_IDENTITY = "iPhone Developer";
				COPY_PHASE_STRIP = NO;
				CURRENT_PROJECT_VERSION = 1;
				DEBUG_INFORMATION_FORMAT = "dwarf-with-dsym";
				ENABLE_NS_ASSERTIONS = NO;
				ENABLE_STRICT_OBJC_MSGSEND = YES;
				GCC_C_LANGUAGE_STANDARD = gnu11;
				GCC_NO_COMMON_BLOCKS = YES;
				GCC_WARN_64_TO_32_BIT_CONVERSION = YES;
				GCC_WARN_ABOUT_RETURN_TYPE = YES_ERROR;
				GCC_WARN_UNDECLARED_SELECTOR = YES;
				GCC_WARN_UNINITIALIZED_AUTOS = YES_AGGRESSIVE;
				GCC_WARN_UNUSED_FUNCTION = YES;
				GCC_WARN_UNUSED_VARIABLE = YES;
				IPHONEOS_DEPLOYMENT_TARGET = 11.4;
				MTL_ENABLE_DEBUG_INFO = NO;
				SDKROOT = iphoneos;
				SWIFT_COMPILATION_MODE = wholemodule;
				SWIFT_OPTIMIZATION_LEVEL = "-O";
				VALIDATE_PRODUCT = YES;
				VERSIONING_SYSTEM = "apple-generic";
				VERSION_INFO_PREFIX = "";
			};
			name = Release;
		};
		37EB4EEE210649E100E10461 /* Debug */ = {
			isa = XCBuildConfiguration;
			buildSettings = {
				CLANG_ENABLE_MODULES = YES;
				CODE_SIGN_IDENTITY = "Apple Development";
				"CODE_SIGN_IDENTITY[sdk=macosx*]" = "Apple Development";
				CODE_SIGN_STYLE = Automatic;
				DEFINES_MODULE = YES;
				DEVELOPMENT_TEAM = "";
				DYLIB_COMPATIBILITY_VERSION = 1;
				DYLIB_CURRENT_VERSION = 1;
				DYLIB_INSTALL_NAME_BASE = "@rpath";
				INFOPLIST_FILE = "$(SRCROOT)/Drawsana/_Support/Info.plist";
				INSTALL_PATH = "$(LOCAL_LIBRARY_DIR)/Frameworks";
				IPHONEOS_DEPLOYMENT_TARGET = 11.0;
				LD_RUNPATH_SEARCH_PATHS = (
					"$(inherited)",
					"@executable_path/Frameworks",
					"@loader_path/Frameworks",
				);
				PRODUCT_BUNDLE_IDENTIFIER = com.asana.AMDrawingView;
				PRODUCT_NAME = "$(TARGET_NAME:c99extidentifier)";
				PROVISIONING_PROFILE_SPECIFIER = "";
				"PROVISIONING_PROFILE_SPECIFIER[sdk=macosx*]" = "";
				SKIP_INSTALL = YES;
				SWIFT_OPTIMIZATION_LEVEL = "-Onone";
				SWIFT_VERSION = 5.0;
				TARGETED_DEVICE_FAMILY = "1,2";
			};
			name = Debug;
		};
		37EB4EEF210649E100E10461 /* Release */ = {
			isa = XCBuildConfiguration;
			buildSettings = {
				CLANG_ENABLE_MODULES = YES;
				CODE_SIGN_IDENTITY = "Apple Development";
				"CODE_SIGN_IDENTITY[sdk=macosx*]" = "Apple Development";
				CODE_SIGN_STYLE = Automatic;
				DEFINES_MODULE = YES;
				DEVELOPMENT_TEAM = "";
				DYLIB_COMPATIBILITY_VERSION = 1;
				DYLIB_CURRENT_VERSION = 1;
				DYLIB_INSTALL_NAME_BASE = "@rpath";
				INFOPLIST_FILE = "$(SRCROOT)/Drawsana/_Support/Info.plist";
				INSTALL_PATH = "$(LOCAL_LIBRARY_DIR)/Frameworks";
				IPHONEOS_DEPLOYMENT_TARGET = 11.0;
				LD_RUNPATH_SEARCH_PATHS = (
					"$(inherited)",
					"@executable_path/Frameworks",
					"@loader_path/Frameworks",
				);
				PRODUCT_BUNDLE_IDENTIFIER = com.asana.AMDrawingView;
				PRODUCT_NAME = "$(TARGET_NAME:c99extidentifier)";
				PROVISIONING_PROFILE_SPECIFIER = "";
				"PROVISIONING_PROFILE_SPECIFIER[sdk=macosx*]" = "";
				SKIP_INSTALL = YES;
				SWIFT_VERSION = 5.0;
				TARGETED_DEVICE_FAMILY = "1,2";
			};
			name = Release;
		};
		37EB4EF1210649E100E10461 /* Debug */ = {
			isa = XCBuildConfiguration;
			buildSettings = {
				ALWAYS_EMBED_SWIFT_STANDARD_LIBRARIES = YES;
				CODE_SIGN_STYLE = Automatic;
				DEVELOPMENT_TEAM = A679L395M8;
				INFOPLIST_FILE = "Drawsana Tests/Info.plist";
				LD_RUNPATH_SEARCH_PATHS = (
					"$(inherited)",
					"@executable_path/Frameworks",
					"@loader_path/Frameworks",
				);
				PRODUCT_BUNDLE_IDENTIFIER = com.asana.DrawsanaTests;
				PRODUCT_NAME = "$(TARGET_NAME)";
				SWIFT_VERSION = 5.0;
				TARGETED_DEVICE_FAMILY = "1,2";
			};
			name = Debug;
		};
		37EB4EF2210649E100E10461 /* Release */ = {
			isa = XCBuildConfiguration;
			buildSettings = {
				ALWAYS_EMBED_SWIFT_STANDARD_LIBRARIES = YES;
				CODE_SIGN_STYLE = Automatic;
				DEVELOPMENT_TEAM = A679L395M8;
				INFOPLIST_FILE = "Drawsana Tests/Info.plist";
				LD_RUNPATH_SEARCH_PATHS = (
					"$(inherited)",
					"@executable_path/Frameworks",
					"@loader_path/Frameworks",
				);
				PRODUCT_BUNDLE_IDENTIFIER = com.asana.DrawsanaTests;
				PRODUCT_NAME = "$(TARGET_NAME)";
				SWIFT_VERSION = 5.0;
				TARGETED_DEVICE_FAMILY = "1,2";
			};
			name = Release;
		};
		37EB4F1521064A6000E10461 /* Debug */ = {
			isa = XCBuildConfiguration;
			buildSettings = {
				ALWAYS_EMBED_SWIFT_STANDARD_LIBRARIES = YES;
				ASSETCATALOG_COMPILER_APPICON_NAME = AppIcon;
				CODE_SIGN_IDENTITY = "Apple Development";
				CODE_SIGN_STYLE = Automatic;
				DEVELOPMENT_TEAM = K34Z59STMC;
				INFOPLIST_FILE = "$(SRCROOT)/Drawsana Demo/Info.plist";
				IPHONEOS_DEPLOYMENT_TARGET = 11.0;
				LD_RUNPATH_SEARCH_PATHS = (
					"$(inherited)",
					"@executable_path/Frameworks",
				);
				PRODUCT_BUNDLE_IDENTIFIER = "com.asana.AMDrawingView-Demo";
				PRODUCT_NAME = "$(TARGET_NAME)";
				PROVISIONING_PROFILE_SPECIFIER = "";
				SWIFT_VERSION = 5.0;
				TARGETED_DEVICE_FAMILY = "1,2";
			};
			name = Debug;
		};
		37EB4F1621064A6000E10461 /* Release */ = {
			isa = XCBuildConfiguration;
			buildSettings = {
				ALWAYS_EMBED_SWIFT_STANDARD_LIBRARIES = YES;
				ASSETCATALOG_COMPILER_APPICON_NAME = AppIcon;
				CODE_SIGN_IDENTITY = "Apple Development";
				CODE_SIGN_STYLE = Automatic;
				DEVELOPMENT_TEAM = K34Z59STMC;
				INFOPLIST_FILE = "$(SRCROOT)/Drawsana Demo/Info.plist";
				IPHONEOS_DEPLOYMENT_TARGET = 11.0;
				LD_RUNPATH_SEARCH_PATHS = (
					"$(inherited)",
					"@executable_path/Frameworks",
				);
				PRODUCT_BUNDLE_IDENTIFIER = "com.asana.AMDrawingView-Demo";
				PRODUCT_NAME = "$(TARGET_NAME)";
				PROVISIONING_PROFILE_SPECIFIER = "";
				SWIFT_VERSION = 5.0;
				TARGETED_DEVICE_FAMILY = "1,2";
			};
			name = Release;
		};
/* End XCBuildConfiguration section */

/* Begin XCConfigurationList section */
		37EB4ED3210649E100E10461 /* Build configuration list for PBXProject "Drawsana" */ = {
			isa = XCConfigurationList;
			buildConfigurations = (
				37EB4EEB210649E100E10461 /* Debug */,
				37EB4EEC210649E100E10461 /* Release */,
			);
			defaultConfigurationIsVisible = 0;
			defaultConfigurationName = Release;
		};
		37EB4EED210649E100E10461 /* Build configuration list for PBXNativeTarget "Drawsana" */ = {
			isa = XCConfigurationList;
			buildConfigurations = (
				37EB4EEE210649E100E10461 /* Debug */,
				37EB4EEF210649E100E10461 /* Release */,
			);
			defaultConfigurationIsVisible = 0;
			defaultConfigurationName = Release;
		};
		37EB4EF0210649E100E10461 /* Build configuration list for PBXNativeTarget "DrawsanaTests" */ = {
			isa = XCConfigurationList;
			buildConfigurations = (
				37EB4EF1210649E100E10461 /* Debug */,
				37EB4EF2210649E100E10461 /* Release */,
			);
			defaultConfigurationIsVisible = 0;
			defaultConfigurationName = Release;
		};
		37EB4F1421064A6000E10461 /* Build configuration list for PBXNativeTarget "Drawsana Demo" */ = {
			isa = XCConfigurationList;
			buildConfigurations = (
				37EB4F1521064A6000E10461 /* Debug */,
				37EB4F1621064A6000E10461 /* Release */,
			);
			defaultConfigurationIsVisible = 0;
			defaultConfigurationName = Release;
		};
/* End XCConfigurationList section */
	};
	rootObject = 37EB4ED0210649E100E10461 /* Project object */;
}
